
Microsoft Visual Studio Solution File, Format Version 12.00
# Visual Studio Version 18
VisualStudioVersion = 18.6.11822.322 stable
MinimumVisualStudioVersion = 10.0.40219.1
Project("{FAE04EC0-301F-11D3-BF4B-00C04F79EFBC}") = "Ipevo.Windows.EspeakNg", "Ipevo.Windows.EspeakNg.csproj", "{262ACF3A-84D9-26E6-F2BC-9D5F2313D27E}"
EndProject
Global
	GlobalSection(SolutionConfigurationPlatforms) = preSolution
		Debug|Any CPU = Debug|Any CPU
		Release|Any CPU = Release|Any CPU
	EndGlobalSection
	GlobalSection(ProjectConfigurationPlatforms) = postSolution
		{262ACF3A-84D9-26E6-F2BC-9D5F2313D27E}.Debug|Any CPU.ActiveCfg = Debug|Any CPU
		{262ACF3A-84D9-26E6-F2BC-9D5F2313D27E}.Debug|Any CPU.Build.0 = Debug|Any CPU
		{262ACF3A-84D9-26E6-F2BC-9D5F2313D27E}.Release|Any CPU.ActiveCfg = Release|Any CPU
		{262ACF3A-84D9-26E6-F2BC-9D5F2313D27E}.Release|Any CPU.Build.0 = Release|Any CPU
	EndGlobalSection
	GlobalSection(SolutionProperties) = preSolution
		HideSolutionNode = FALSE
	EndGlobalSection
	GlobalSection(ExtensibilityGlobals) = postSolution
		SolutionGuid = {D3C0C1B5-DC03-41AC-BDB5-FCB5F3C72925}
	EndGlobalSection
EndGlobal
